{
  "name": "require_jssm",
  "version": "0.1.0",
  "lockfileVersion": 1,
  "requires": true,
  "dependencies": {
    "jssm": {
      "version": "4.7.3",
      "resolved": "https://registry.npmjs.org/jssm/-/jssm-4.7.3.tgz",
      "integrity": "sha512-2Q31OkaYDgES/FbmOLNux+X14so95A6Q892QX+K2FzqIwVM53drPq4PxiDc9MT/x9tfdIHnFtbXFg6c7LFgrhQ==",
      "dev": true
    }
  }
}
